
Microsoft Visual Studio Solution File, Format Version 12.00
# Visual Studio Version 17
VisualStudioVersion = 17.0.32014.148
MinimumVisualStudioVersion = 10.0.40219.1
Project("{FAE04EC0-301F-11D3-BF4B-00C04F79EFBC}") = "MVCShoppingClient", "MVCShoppingClient.csproj", "{2E80CAA4-774E-4A66-92BF-2EB667AAD47B}"
EndProject
Global
	GlobalSection(SolutionConfigurationPlatforms) = preSolution
		Debug|Any CPU = Debug|Any CPU
		Release|Any CPU = Release|Any CPU
	EndGlobalSection
	GlobalSection(ProjectConfigurationPlatforms) = postSolution
		{2E80CAA4-774E-4A66-92BF-2EB667AAD47B}.Debug|Any CPU.ActiveCfg = Debug|Any CPU
		{2E80CAA4-774E-4A66-92BF-2EB667AAD47B}.Debug|Any CPU.Build.0 = Debug|Any CPU
		{2E80CAA4-774E-4A66-92BF-2EB667AAD47B}.Release|Any CPU.ActiveCfg = Release|Any CPU
		{2E80CAA4-774E-4A66-92BF-2EB667AAD47B}.Release|Any CPU.Build.0 = Release|Any CPU
	EndGlobalSection
	GlobalSection(SolutionProperties) = preSolution
		HideSolutionNode = FALSE
	EndGlobalSection
	GlobalSection(ExtensibilityGlobals) = postSolution
		SolutionGuid = {5A3A70B4-ACB8-4772-9AAA-DCD904472015}
	EndGlobalSection
EndGlobal
